
Microsoft Visual Studio Solution File, Format Version 12.00
# Visual Studio Version 16
VisualStudioVersion = 16.0.31025.194
MinimumVisualStudioVersion = 10.0.40219.1
Project("{FAE04EC0-301F-11D3-BF4B-00C04F79EFBC}") = "Kalkulator_Dhani", "Kalkulator_Dhani\Kalkulator_Dhani.csproj", "{35D214E5-09D2-4431-883B-27570BB4326E}"
EndProject
Global
	GlobalSection(SolutionConfigurationPlatforms) = preSolution
		Debug|Any CPU = Debug|Any CPU
		Release|Any CPU = Release|Any CPU
	EndGlobalSection
	GlobalSection(ProjectConfigurationPlatforms) = postSolution
		{35D214E5-09D2-4431-883B-27570BB4326E}.Debug|Any CPU.ActiveCfg = Debug|Any CPU
		{35D214E5-09D2-4431-883B-27570BB4326E}.Debug|Any CPU.Build.0 = Debug|Any CPU
		{35D214E5-09D2-4431-883B-27570BB4326E}.Release|Any CPU.ActiveCfg = Release|Any CPU
		{35D214E5-09D2-4431-883B-27570BB4326E}.Release|Any CPU.Build.0 = Release|Any CPU
	EndGlobalSection
	GlobalSection(SolutionProperties) = preSolution
		HideSolutionNode = FALSE
	EndGlobalSection
	GlobalSection(ExtensibilityGlobals) = postSolution
		SolutionGuid = {8C2D3F59-A1E7-4409-AECE-AD53B09196B6}
	EndGlobalSection
EndGlobal
